// !$*UTF8*$!
{
	archiveVersion = 1;
	classes = {
	};
	objectVersion = 46;
	objects = {

/* Begin PBXBuildFile section */
		A6C557061EFE6028009725BA /* AppDelegate.swift in Sources */ = {isa = PBXBuildFile; fileRef = A6C557051EFE6028009725BA /* AppDelegate.swift */; };
		A6C557081EFE6028009725BA /* ViewController.swift in Sources */ = {isa = PBXBuildFile; fileRef = A6C557071EFE6028009725BA /* ViewController.swift */; };
		A6C5570B1EFE6028009725BA /* Main.storyboard in Resources */ = {isa = PBXBuildFile; fileRef = A6C557091EFE6028009725BA /* Main.storyboard */; };
		A6C5570D1EFE6028009725BA /* Assets.xcassets in Resources */ = {isa = PBXBuildFile; fileRef = A6C5570C1EFE6028009725BA /* Assets.xcassets */; };
		A6C557101EFE6028009725BA /* LaunchScreen.storyboard in Resources */ = {isa = PBXBuildFile; fileRef = A6C5570E1EFE6028009725BA /* LaunchScreen.storyboard */; };
/* End PBXBuildFile section */

/* Begin PBXFileReference section */
		A6C557021EFE6028009725BA /* G55L5.app */ = {isa = PBXFileReference; explicitFileType = wrapper.application; includeInIndex = 0; path = G55L5.app; sourceTree = BUILT_PRODUCTS_DIR; };
		A6C557051EFE6028009725BA /* AppDelegate.swift */ = {isa = PBXFileReference; lastKnownFileType = sourcecode.swift; path = AppDelegate.swift; sourceTree = "<group>"; };
		A6C557071EFE6028009725BA /* ViewController.swift */ = {isa = PBXFileReference; lastKnownFileType = sourcecode.swift; path = ViewController.swift; sourceTree = "<group>"; };
		A6C5570A1EFE6028009725BA /* Base */ = {isa = PBXFileReference; lastKnownFileType = file.storyboard; name = Base; path = Base.lproj/Main.storyboard; sourceTree = "<group>"; };
		A6C5570C1EFE6028009725BA /* Assets.xcassets */ = {isa = PBXFileReference; lastKnownFileType = folder.assetcatalog; path = Assets.xcassets; sourceTree = "<group>"; };
		A6C5570F1EFE6028009725BA /* Base */ = {isa = PBXFileReference; lastKnownFileType = file.storyboard; name = Base; path = Base.lproj/LaunchScreen.storyboard; sourceTree = "<group>"; };
		A6C557111EFE6028009725BA /* Info.plist */ = {isa = PBXFileReference; lastKnownFileType = text.plist.xml; path = Info.plist; sourceTree = "<group>"; };
/* End PBXFileReference section */

/* Begin PBXFrameworksBuildPhase section */
		A6C556FF1EFE6028009725BA /* Frameworks */ = {
			isa = PBXFrameworksBuildPhase;
			buildActionMask = 2147483647;
			files = (
			);
			runOnlyForDeploymentPostprocessing = 0;
		};
/* End PBXFrameworksBuildPhase section */

/* Begin PBXGroup section */
		A6C556F91EFE6028009725BA = {
			isa = PBXGroup;
			children = (
				A6C557041EFE6028009725BA /* G55L5 */,
				A6C557031EFE6028009725BA /* Products */,
			);
			sourceTree = "<group>";
		};
		A6C557031EFE6028009725BA /* Products */ = {
			isa = PBXGroup;
			children = (
				A6C557021EFE6028009725BA /* G55L5.app */,
			);
			name = Products;
			sourceTree = "<group>";
		};
		A6C557041EFE6028009725BA /* G55L5 */ = {
			isa = PBXGroup;
			children = (
				A6C557051EFE6028009725BA /* AppDelegate.swift */,
				A6C557071EFE6028009725BA /* ViewController.swift */,
				A6C557091EFE6028009725BA /* Main.storyboard */,
				A6C5570C1EFE6028009725BA /* Assets.xcassets */,
				A6C5570E1EFE6028009725BA /* LaunchScreen.storyboard */,
				A6C557111EFE6028009725BA /* Info.plist */,
			);
			path = G55L5;
			sourceTree = "<group>";
		};
/* End PBXGroup section */

/* Begin PBXNativeTarget section */
		A6C557011EFE6028009725BA /* G55L5 */ = {
			isa = PBXNativeTarget;
			buildConfigurationList = A6C557141EFE6028009725BA /* Build configuration list for PBXNativeTarget "G55L5" */;
			buildPhases = (
				A6C556FE1EFE6028009725BA /* Sources */,
				A6C556FF1EFE6028009725BA /* Frameworks */,
				A6C557001EFE6028009725BA /* Resources */,
			);
			buildRules = (
			);
			dependencies = (
			);
			name = G55L5;
			productName = G55L5;
			productReference = A6C557021EFE6028009725BA /* G55L5.app */;
			productType = "com.apple.product-type.application";
		};
/* End PBXNativeTarget section */

/* Begin PBXProject section */
		A6C556FA1EFE6028009725BA /* Project object */ = {
			isa = PBXProject;
			attributes = {
				LastSwiftUpdateCheck = 0830;
				LastUpgradeCheck = 0830;
				ORGANIZATIONNAME = Tung;
				TargetAttributes = {
					A6C557011EFE6028009725BA = {
						CreatedOnToolsVersion = 8.3.3;
						DevelopmentTeam = RRM459U248;
						ProvisioningStyle = Automatic;
					};
				};
			};
			buildConfigurationList = A6C556FD1EFE6028009725BA /* Build configuration list for PBXProject "G55L5" */;
			compatibilityVersion = "Xcode 3.2";
			developmentRegion = English;
			hasScannedForEncodings = 0;
			knownRegions = (
				en,
				Base,
			);
			mainGroup = A6C556F91EFE6028009725BA;
			productRefGroup = A6C557031EFE6028009725BA /* Products */;
			projectDirPath = "";
			projectRoot = "";
			targets = (
				A6C557011EFE6028009725BA /* G55L5 */,
			);
		};
/* End PBXProject section */

/* Begin PBXResourcesBuildPhase section */
		A6C557001EFE6028009725BA /* Resources */ = {
			isa = PBXResourcesBuildPhase;
			buildActionMask = 2147483647;
			files = (
				A6C557101EFE6028009725BA /* LaunchScreen.storyboard in Resources */,
				A6C5570D1EFE6028009725BA /* Assets.xcassets in Resources */,
				A6C5570B1EFE6028009725BA /* Main.storyboard in Resources */,
			);
			runOnlyForDeploymentPostprocessing = 0;
		};
/* End PBXResourcesBuildPhase section */

/* Begin PBXSourcesBuildPhase section */
		A6C556FE1EFE6028009725BA /* Sources */ = {
			isa = PBXSourcesBuildPhase;
			buildActionMask = 2147483647;
			files = (
				A6C557081EFE6028009725BA /* ViewController.swift in Sources */,
				A6C557061EFE6028009725BA /* AppDelegate.swift in Sources */,
			);
			runOnlyForDeploymentPostprocessing = 0;
		};
/* End PBXSourcesBuildPhase section */

/* Begin PBXVariantGroup section */
		A6C557091EFE6028009725BA /* Main.storyboard */ = {
			isa = PBXVariantGroup;
			children = (
				A6C5570A1EFE6028009725BA /* Base */,
			);
			name = Main.storyboard;
			sourceTree = "<group>";
		};
		A6C5570E1EFE6028009725BA /* LaunchScreen.storyboard */ = {
			isa = PBXVariantGroup;
			children = (
				A6C5570F1EFE6028009725BA /* Base */,
			);
			name = LaunchScreen.storyboard;
			sourceTree = "<group>";
		};
/* End PBXVariantGroup section */

/* Begin XCBuildConfiguration section */
		A6C557121EFE6028009725BA /* Debug */ = {
			isa = XCBuildConfiguration;
			buildSettings = {
				ALWAYS_SEARCH_USER_PATHS = NO;
				CLANG_ANALYZER_NONNULL = YES;
				CLANG_ANALYZER_NUMBER_OBJECT_CONVERSION = YES_AGGRESSIVE;
				CLANG_CXX_LANGUAGE_STANDARD = "gnu++0x";
				CLANG_CXX_LIBRARY = "libc++";
				CLANG_ENABLE_MODULES = YES;
				CLANG_ENABLE_OBJC_ARC = YES;
				CLANG_WARN_BOOL_CONVERSION = YES;
				CLANG_WARN_CONSTANT_CONVERSION = YES;
				CLANG_WARN_DIRECT_OBJC_ISA_USAGE = YES_ERROR;
				CLANG_WARN_DOCUMENTATION_COMMENTS = YES;
				CLANG_WARN_EMPTY_BODY = YES;
				CLANG_WARN_ENUM_CONVERSION = YES;
				CLANG_WARN_INFINITE_RECURSION = YES;
				CLANG_WARN_INT_CONVERSION = YES;
				CLANG_WARN_OBJC_ROOT_CLASS = YES_ERROR;
				CLANG_WARN_SUSPICIOUS_MOVE = YES;
				CLANG_WARN_UNREACHABLE_CODE = YES;
				CLANG_WARN__DUPLICATE_METHOD_MATCH = YES;
				"CODE_SIGN_IDENTITY[sdk=iphoneos*]" = "iPhone Developer";
				COPY_PHASE_STRIP = NO;
				DEBUG_INFORMATION_FORMAT = dwarf;
				ENABLE_STRICT_OBJC_MSGSEND = YES;
				ENABLE_TESTABILITY = YES;
				GCC_C_LANGUAGE_STANDARD = gnu99;
				GCC_DYNAMIC_NO_PIC = NO;
				GCC_NO_COMMON_BLOCKS = YES;
				GCC_OPTIMIZATION_LEVEL = 0;
				GCC_PREPROCESSOR_DEFINITIONS = (
					"DEBUG=1",
					"$(inherited)",
				);
				GCC_WARN_64_TO_32_BIT_CONVERSION = YES;
				GCC_WARN_ABOUT_RETURN_TYPE = YES_ERROR;
				GCC_WARN_UNDECLARED_SELECTOR = YES;
				GCC_WARN_UNINITIALIZED_AUTOS = YES_AGGRESSIVE;
				GCC_WARN_UNUSED_FUNCTION = YES;
				GCC_WARN_UNUSED_VARIABLE = YES;
				IPHONEOS_DEPLOYMENT_TARGET = 10.3;
				MTL_ENABLE_DEBUG_INFO = YES;
				ONLY_ACTIVE_ARCH = YES;
				SDKROOT = iphoneos;
				SWIFT_ACTIVE_COMPILATION_CONDITIONS = DEBUG;
				SWIFT_OPTIMIZATION_LEVEL = "-Onone";
			};
			name = Debug;
		};
		A6C557131EFE6028009725BA /* Release */ = {
			isa = XCBuildConfiguration;
			buildSettings = {
				ALWAYS_SEARCH_USER_PATHS = NO;
				CLANG_ANALYZER_NONNULL = YES;
				CLANG_ANALYZER_NUMBER_OBJECT_CONVERSION = YES_AGGRESSIVE;
				CLANG_CXX_LANGUAGE_STANDARD = "gnu++0x";
				CLANG_CXX_LIBRARY = "libc++";
				CLANG_ENABLE_MODULES = YES;
				CLANG_ENABLE_OBJC_ARC = YES;
				CLANG_WARN_BOOL_CONVERSION = YES;
				CLANG_WARN_CONSTANT_CONVERSION = YES;
				CLANG_WARN_DIRECT_OBJC_ISA_USAGE = YES_ERROR;
				CLANG_WARN_DOCUMENTATION_COMMENTS = YES;
				CLANG_WARN_EMPTY_BODY = YES;
				CLANG_WARN_ENUM_CONVERSION = YES;
				CLANG_WARN_INFINITE_RECURSION = YES;
				CLANG_WARN_INT_CONVERSION = YES;
				CLANG_WARN_OBJC_ROOT_CLASS = YES_ERROR;
				CLANG_WARN_SUSPICIOUS_MOVE = YES;
				CLANG_WARN_UNREACHABLE_CODE = YES;
				CLANG_WARN__DUPLICATE_METHOD_MATCH = YES;
				"CODE_SIGN_IDENTITY[sdk=iphoneos*]" = "iPhone Developer";
				COPY_PHASE_STRIP = NO;
				DEBUG_INFORMATION_FORMAT = "dwarf-with-dsym";
				ENABLE_NS_ASSERTIONS = NO;
				ENABLE_STRICT_OBJC_MSGSEND = YES;
				GCC_C_LANGUAGE_STANDARD = gnu99;
				GCC_NO_COMMON_BLOCKS = YES;
				GCC_WARN_64_TO_32_BIT_CONVERSION = YES;
				GCC_WARN_ABOUT_RETURN_TYPE = YES_ERROR;
				GCC_WARN_UNDECLARED_SELECTOR = YES;
				GCC_WARN_UNINITIALIZED_AUTOS = YES_AGGRESSIVE;
				GCC_WARN_UNUSED_FUNCTION = YES;
				GCC_WARN_UNUSED_VARIABLE = YES;
				IPHONEOS_DEPLOYMENT_TARGET = 10.3;
				MTL_ENABLE_DEBUG_INFO = NO;
				SDKROOT = iphoneos;
				SWIFT_OPTIMIZATION_LEVEL = "-Owholemodule";
				VALIDATE_PRODUCT = YES;
			};
			name = Release;
		};
		A6C557151EFE6028009725BA /* Debug */ = {
			isa = XCBuildConfiguration;
			buildSettings = {
				ASSETCATALOG_COMPILER_APPICON_NAME = AppIcon;
				DEVELOPMENT_TEAM = RRM459U248;
				INFOPLIST_FILE = G55L5/Info.plist;
				LD_RUNPATH_SEARCH_PATHS = "$(inherited) @executable_path/Frameworks";
				PRODUCT_BUNDLE_IDENTIFIER = com.TungFam.G55L5;
				PRODUCT_NAME = "$(TARGET_NAME)";
				SWIFT_VERSION = 3.0;
			};
			name = Debug;
		};
		A6C557161EFE6028009725BA /* Release */ = {
			isa = XCBuildConfiguration;
			buildSettings = {
				ASSETCATALOG_COMPILER_APPICON_NAME = AppIcon;
				DEVELOPMENT_TEAM = RRM459U248;
				INFOPLIST_FILE = G55L5/Info.plist;
				LD_RUNPATH_SEARCH_PATHS = "$(inherited) @executable_path/Frameworks";
				PRODUCT_BUNDLE_IDENTIFIER = com.TungFam.G55L5;
				PRODUCT_NAME = "$(TARGET_NAME)";
				SWIFT_VERSION = 3.0;
			};
			name = Release;
		};
/* End XCBuildConfiguration section */

/* Begin XCConfigurationList section */
		A6C556FD1EFE6028009725BA /* Build configuration list for PBXProject "G55L5" */ = {
			isa = XCConfigurationList;
			buildConfigurations = (
				A6C557121EFE6028009725BA /* Debug */,
				A6C557131EFE6028009725BA /* Release */,
			);
			defaultConfigurationIsVisible = 0;
			defaultConfigurationName = Release;
		};
		A6C557141EFE6028009725BA /* Build configuration list for PBXNativeTarget "G55L5" */ = {
			isa = XCConfigurationList;
			buildConfigurations = (
				A6C557151EFE6028009725BA /* Debug */,
				A6C557161EFE6028009725BA /* Release */,
			);
			defaultConfigurationIsVisible = 0;
		};
/* End XCConfigurationList section */
	};
	rootObject = A6C556FA1EFE6028009725BA /* Project object */;
}
